# capa.lock - AUTO-GENERATED by `capa install`. DO NOT EDIT.
# Re-running `capa install` rewrites this file from capa.toml.

[[dependencies]]
name = "capa_csv"
git = "https://github.com/nelsonduarte/capa_csv"
pin = "v0.1.1"
pin_kind = "tag"
commit = "509deb755304a51ce015e78a3ea9afef5e4ea68f"
signing_key = "6C1D222D491FB88031E041A536CFB426101AA24B"
